# This file was autogenerated by Stack.
# You should not edit this file by hand.
# For more information, please see the documentation at:
#   https://docs.haskellstack.org/en/stable/lock_files

snapshots:
- original: lts-14.27
  completed:
    sha256: 7ea31a280c56bf36ff591a7397cc384d0dff622e7f9e4225b47d8980f019a0f0
    url: https://raw.githubusercontent.com/commercialhaskell/stackage-snapshots/master/lts/14/27.yaml
    size: 524996
packages:
- original:
    hackage: aeson-yaml-1.1.0.0
  completed:
    pantry-tree:
      sha256: 9a74aea748961deff59ead778c36924a9055d7995999a1ec19317f2cae58a940
      size: 451
    hackage: aeson-yaml-1.1.0.0@sha256:4a20a45d766e0230b0476fd04b0995c363025900f2eb3c600605dfe0eb73ef98,2072
- original:
    hackage: data-fix-0.3.0
  completed:
    pantry-tree:
      sha256: 6cf43af344624e087dbe2f1e96e985de6142e85bb02db8449df6d72bee3c1013
      size: 261
    hackage: data-fix-0.3.0@sha256:058a266d1e658500e0ffb8babe68195b0ce06a081dcfc3814afc784b083fd9a5,1645
- original:
    hackage: generic-random-1.3.0.0@sha256:e5dc3bc7854cfefddc41b562ae78771aaf2e06ea20d7a5c1ecbdb01ba12dd7b7,1346
  completed:
    pantry-tree:
      sha256: 61c7ef7fd7d9d781ba1a27e36e6902befab905246347ba24580014ab82b51afb
      size: 607
    hackage: generic-random-1.3.0.0@sha256:e5dc3bc7854cfefddc41b562ae78771aaf2e06ea20d7a5c1ecbdb01ba12dd7b7,1346
- original:
    hackage: hashing-0.1.0.1@sha256:98861f16791946cdf28e3c7a6ee9ac8b72d546d6e33c569c7087ef18253294e7,2816
  completed:
    pantry-tree:
      sha256: a204259113ac5761ded1dac7e37a9d54245f84c8adaeec452346fe3256337d83
      size: 704
    hackage: hashing-0.1.0.1@sha256:98861f16791946cdf28e3c7a6ee9ac8b72d546d6e33c569c7087ef18253294e7,2816
- original:
    hackage: haskeline-0.8.0.0@sha256:0630452b759a5b40e0e3e7ca2ef4b0d55d5161d95e8d7b0dd3cf55888971437f,5440
  completed:
    pantry-tree:
      sha256: 235d9b78cb87e21651fd36421c30ff4e0638e463fac7ec8b70887db06c3ff88f
      size: 3013
    hackage: haskeline-0.8.0.0@sha256:0630452b759a5b40e0e3e7ca2ef4b0d55d5161d95e8d7b0dd3cf55888971437f,5440
- original:
    hackage: haskell-lsp-0.22.0.0
  completed:
    pantry-tree:
      sha256: ca0ea7b35746909e4a4db42ade290440386f50c3be578fa5477b70b6f4a0ea11
      size: 1727
    hackage: haskell-lsp-0.22.0.0@sha256:636af17378c10db3c784df697f1a0a450c694f1cf4a88acd0ed58be90c5295ec,5315
- original:
    hackage: haskell-lsp-types-0.22.0.0
  completed:
    pantry-tree:
      sha256: 90da24aac8b1f54ec8c72cb824aa00e17eb8c10bbd69bd10c8c0af6a39a37532
      size: 2531
    hackage: haskell-lsp-types-0.22.0.0@sha256:c0fcd9c89279d92e79fce8e928553fa184645d0a0286a6736dec773d447510e9,3027
- original:
    hackage: hnix-0.10.1
  completed:
    pantry-tree:
      sha256: 992a61f310d2564761a9143fb44a84625793ec56979c96d7446aeaac993ab647
      size: 27751
    hackage: hnix-0.10.1@sha256:104b94843b2c922cd4eacb41cbfac07fc56047ab15859b0a7d0b30cdd6324d3d,20902
- original:
    hackage: hnix-store-core-0.1.0.0@sha256:719a261870367b3ce2e2e8d11502e7170faa664109a14486b95b555bc3672807,2541
  completed:
    pantry-tree:
      sha256: c7277c33e1c91e6b01b9ecac655c44debd747f46e2f2cafbaf113ab0d92a6ade
      size: 1143
    hackage: hnix-store-core-0.1.0.0@sha256:719a261870367b3ce2e2e8d11502e7170faa664109a14486b95b555bc3672807,2541
- original:
    hackage: HsYAML-0.2.1.0@sha256:e4677daeba57f7a1e9a709a1f3022fe937336c91513e893166bd1f023f530d68,5311
  completed:
    pantry-tree:
      sha256: 21f61bf9cad31674126b106071dd9b852e408796aeffc90eec1792f784107eff
      size: 1340
    hackage: HsYAML-0.2.1.0@sha256:e4677daeba57f7a1e9a709a1f3022fe937336c91513e893166bd1f023f530d68,5311
- original:
    hackage: HsYAML-aeson-0.2.0.0@sha256:04796abfc01cffded83f37a10e6edba4f0c0a15d45bef44fc5bb4313d9c87757,1791
  completed:
    pantry-tree:
      sha256: 67cc9ba17c79e71d3abdb465a3ee2825477856fff3b8b7d543cbbbefdae9a9d9
      size: 234
    hackage: HsYAML-aeson-0.2.0.0@sha256:04796abfc01cffded83f37a10e6edba4f0c0a15d45bef44fc5bb4313d9c87757,1791
- original:
    hackage: lsp-test-0.10.3.0
  completed:
    pantry-tree:
      sha256: 7fe5a453981bdd9f93abed5f240f81d17d2f684fd82e18c1b07bfd77f9cac097
      size: 1112
    hackage: lsp-test-0.10.3.0@sha256:29acbf365bdc4b1de0824ca915cb9e3b584fb615a57bf7126b312567a0ed10ad,3487
- original:
    hackage: monadlist-0.0.2@sha256:978305e3f03dd5f65c673b551124dac0c39a247c2c14d84739ca9a3405fbb63a,904
  completed:
    pantry-tree:
      sha256: 3a30e1c54fd12824b5259b600dae6ba33c0162754d91c0c6a25435d0aae7ac7d
      size: 222
    hackage: monadlist-0.0.2@sha256:978305e3f03dd5f65c673b551124dac0c39a247c2c14d84739ca9a3405fbb63a,904
- original:
    hackage: neat-interpolation-0.5.1.2
  completed:
    pantry-tree:
      sha256: 046371778d4cdf1283089d337498cee40906edf3f55ccd1d1e89ac9209d2d083
      size: 566
    hackage: neat-interpolation-0.5.1.2@sha256:6a8f04befb39c20896aed9a452f84540dd8ed37efae09a656023b151886b1262,2992
- original:
    hackage: parser-combinators-1.2.1@sha256:16c3490e007ec10b1255a2b36fb483d000156d555269107131241d9e0fa96412,1788
  completed:
    pantry-tree:
      sha256: 7b7cc6bb088f536691c4088ac6abe9f4dd0399feffc26bdb2cbec695f7259737
      size: 725
    hackage: parser-combinators-1.2.1@sha256:16c3490e007ec10b1255a2b36fb483d000156d555269107131241d9e0fa96412,1788
- original:
    hackage: path-0.8.0
  completed:
    pantry-tree:
      sha256: c58c61bad023ab64b99018013684f53f5f38fa47548cf64cfd899d4622674b98
      size: 924
    hackage: path-0.8.0@sha256:4a522e0a8c0f54bd3d1e5690b22e29c35a7dee91cc2caff68bfe2a5c49ea700b,3191
- original:
    hackage: path-io-1.6.0
  completed:
    pantry-tree:
      sha256: 2a1e78fbcd3b841ec0d3b0a4937287b25d070a5cadd2e8bbf206032cabcb56ae
      size: 364
    hackage: path-io-1.6.0@sha256:e450120ed6b1919200c995af82fc315ba14d793f8e404191b3f87739e8d6a765,2668
- original:
    hackage: prettyprinter-1.7.0
  completed:
    pantry-tree:
      sha256: d22f820a1f63497f7fd7e1f04b7d356d92de35582258f6ad55428c88b09e63ff
      size: 3194
    hackage: prettyprinter-1.7.0@sha256:6a9569e21fa61163a7f066d23d701e23e917893e8f39733d6e617ec72787ae5f,6007
- original:
    hackage: ref-tf-0.4.0.2@sha256:69de3550250e0cd69f45d080359cb314a9487c915024349c75b78732bbee9332,1134
  completed:
    pantry-tree:
      sha256: fc5a4a35b4c782a33f452c1dc66ffa8ddbf321e2db369bd8823c796f0d4d8c7f
      size: 211
    hackage: ref-tf-0.4.0.2@sha256:69de3550250e0cd69f45d080359cb314a9487c915024349c75b78732bbee9332,1134
- original:
    hackage: repline-0.4.0.0@sha256:3324479e497d27c40c3d4762bffc52058f9921621d20d2947dcf9a554b94cd0d,2253
  completed:
    pantry-tree:
      sha256: bff43f9a5b0a212c29c12e2e22b528d9071b2a7d13489ce5bdc54ae9eac853cf
      size: 564
    hackage: repline-0.4.0.0@sha256:3324479e497d27c40c3d4762bffc52058f9921621d20d2947dcf9a554b94cd0d,2253
- original:
    hackage: semialign-1.1@sha256:5ff1788b6bcec97084ca60f736c126334e4ba4a450517e7ca4f69dd1156d38a0,2471
  completed:
    pantry-tree:
      sha256: 73db0fdd4daca7dfba90148b34ffbf62845e29c2e32f9629939b443dea03c5fa
      size: 467
    hackage: semialign-1.1@sha256:5ff1788b6bcec97084ca60f736c126334e4ba4a450517e7ca4f69dd1156d38a0,2471
- original:
    hackage: semialign-indexed-1.1@sha256:bc375898351fea11ab3f4279844fcfc00aa42c90182eedfc28c4754098da3e0e,2026
  completed:
    pantry-tree:
      sha256: 15243b936c7b83a941f240bd323481871141a54289144aa11b6566517a34ab8f
      size: 237
    hackage: semialign-indexed-1.1@sha256:bc375898351fea11ab3f4279844fcfc00aa42c90182eedfc28c4754098da3e0e,2026
- original:
    hackage: some-1.0.1@sha256:26e5bab7276f48b25ea8660d3fd1166c0f20fd497dac879a40f408e23211f93e,2055
  completed:
    pantry-tree:
      sha256: c882b6ebe8a0616f1ab3908f1620087ad5c6d8d82d1a72b99226f6487419bfe6
      size: 708
    hackage: some-1.0.1@sha256:26e5bab7276f48b25ea8660d3fd1166c0f20fd497dac879a40f408e23211f93e,2055
- original:
    hackage: tasty-silver-3.1.15@sha256:f40b3f59dfabe14f185b5d27fdb8aa8b7c75458aa7999f8aa244b9dcbaf8dc31,2328
  completed:
    pantry-tree:
      sha256: 76984ca8520ab364e458186a11231714a283885c6feed1d142f79e8e26b49c6d
      size: 683
    hackage: tasty-silver-3.1.15@sha256:f40b3f59dfabe14f185b5d27fdb8aa8b7c75458aa7999f8aa244b9dcbaf8dc31,2328
