# This file was autogenerated by Stack.
# You should not edit this file by hand.
# For more information, please see the documentation at:
#   https://docs.haskellstack.org/en/stable/lock_files

packages:
- completed:
    hackage: dhall-1.24.0@sha256:326896b819e9c099ae5b1de5954e577e44e325c287aad6ac77006611d4c60fac,31232
    pantry-tree:
      size: 142551
      sha256: 55b3d15eef3d919d4eed222d33fc6a29e13f5ba659691027290ba9f2ff83ec05
  original:
    hackage: dhall-1.24.0
- completed:
    hackage: dhall-json-1.3.0@sha256:7afae1a51b3081b2788497fada89004c2305616357dab9a2c727a6f7c7753d80,4887
    pantry-tree:
      size: 878
      sha256: 2fa3f800d259b496a5abd78694ddbfa42b2efe75e1954aa9b7fcf9f9d12103e8
  original:
    hackage: dhall-json-1.3.0
snapshots:
- completed:
    size: 500539
    url: https://raw.githubusercontent.com/commercialhaskell/stackage-snapshots/master/lts/13/27.yaml
    sha256: 690db832392afe55733b4c7023fd29b1b1c660ee42f1fb505b86b07394ca994e
  original: lts-13.27
