# This file was autogenerated by Stack.
# You should not edit this file by hand.
# For more information, please see the documentation at:
#   https://docs.haskellstack.org/en/stable/lock_files

packages:
- completed:
    hackage: dhall-1.33.0@sha256:a291ed94aedcbbac3d3bc381b6597d25441cac4974d263c0173e829f37e63ce5,33324
    pantry-tree:
      size: 281838
      sha256: 07168d492e30a7c964a9fda4108d6f2c3f95f2680cc3499783ca701a42f50926
  original:
    hackage: dhall-1.33.0
- completed:
    hackage: dhall-json-1.7.0@sha256:1512b0783407796f610ad4954fa13abe0e484b7f4f6f5488cb0e25062f2379f5,4597
    pantry-tree:
      size: 5299
      sha256: 135873df71073467f68c07ef30c2284bb00ee479d96a29a11afef3cc551e1538
  original:
    hackage: dhall-json-1.7.0
snapshots:
- completed:
    size: 491373
    url: https://raw.githubusercontent.com/commercialhaskell/stackage-snapshots/master/lts/15/3.yaml
    sha256: 29e9ff61b8bf4b4fcff55cde3ac106ebb971f0d21331dccac9eee63374fa6ca8
  original: lts-15.3
